
Microsoft Visual Studio Solution File, Format Version 12.00
# Visual Studio Version 16
VisualStudioVersion = 16.0.30225.117
MinimumVisualStudioVersion = 10.0.40219.1
Project("{FAE04EC0-301F-11D3-BF4B-00C04F79EFBC}") = "ZhaoXi", "ZhaoXi\ZhaoXi.csproj", "{D8768DA4-1F13-484A-BE9D-81673217EF67}"
EndProject
Project("{FAE04EC0-301F-11D3-BF4B-00C04F79EFBC}") = "ConsoleApp1", "ConsoleApp1\ConsoleApp1.csproj", "{917E2F83-F7AD-4BC9-A1D0-2F65710721F2}"
EndProject
Global
	GlobalSection(SolutionConfigurationPlatforms) = preSolution
		Debug|Any CPU = Debug|Any CPU
		Release|Any CPU = Release|Any CPU
	EndGlobalSection
	GlobalSection(ProjectConfigurationPlatforms) = postSolution
		{D8768DA4-1F13-484A-BE9D-81673217EF67}.Debug|Any CPU.ActiveCfg = Debug|Any CPU
		{D8768DA4-1F13-484A-BE9D-81673217EF67}.Debug|Any CPU.Build.0 = Debug|Any CPU
		{D8768DA4-1F13-484A-BE9D-81673217EF67}.Release|Any CPU.ActiveCfg = Release|Any CPU
		{D8768DA4-1F13-484A-BE9D-81673217EF67}.Release|Any CPU.Build.0 = Release|Any CPU
		{917E2F83-F7AD-4BC9-A1D0-2F65710721F2}.Debug|Any CPU.ActiveCfg = Debug|Any CPU
		{917E2F83-F7AD-4BC9-A1D0-2F65710721F2}.Debug|Any CPU.Build.0 = Debug|Any CPU
		{917E2F83-F7AD-4BC9-A1D0-2F65710721F2}.Release|Any CPU.ActiveCfg = Release|Any CPU
		{917E2F83-F7AD-4BC9-A1D0-2F65710721F2}.Release|Any CPU.Build.0 = Release|Any CPU
	EndGlobalSection
	GlobalSection(SolutionProperties) = preSolution
		HideSolutionNode = FALSE
	EndGlobalSection
	GlobalSection(ExtensibilityGlobals) = postSolution
		SolutionGuid = {6F7E2075-CBC7-457A-A8AB-FCCA2581DC82}
	EndGlobalSection
EndGlobal
